
Microsoft Visual Studio Solution File, Format Version 12.00
# Visual Studio 15
VisualStudioVersion = 15.0.27130.2027
MinimumVisualStudioVersion = 10.0.40219.1
Project("{FAE04EC0-301F-11D3-BF4B-00C04F79EFBC}") = "DemoPro", "DemoPro\DemoPro.csproj", "{4B11DE28-E354-414B-AE2A-F5517C678AE3}"
EndProject
Project("{2150E333-8FDC-42A3-9474-1A3956D46DE8}") = "Core", "Core", "{771540F8-845C-4A08-958A-0165BE82F70C}"
EndProject
Project("{FAE04EC0-301F-11D3-BF4B-00C04F79EFBC}") = "DAL", "DAL\DAL.csproj", "{7070C4BC-B864-4466-B0AA-32026A289482}"
EndProject
Project("{FAE04EC0-301F-11D3-BF4B-00C04F79EFBC}") = "FuturisX", "FuturisX\FuturisX.csproj", "{0EDC9939-62D2-4DE3-B983-3DA9DE59A05D}"
EndProject
Project("{FAE04EC0-301F-11D3-BF4B-00C04F79EFBC}") = "FuturisX.Common", "FuturisX.Common\FuturisX.Common.csproj", "{84CE5CA7-1AD9-4F2B-A817-3334CA50F0FB}"
EndProject
Project("{FAE04EC0-301F-11D3-BF4B-00C04F79EFBC}") = "FuturisX.AspNetCore", "FuturisX.AspNetCore\FuturisX.AspNetCore.csproj", "{68E1B992-D902-4865-AE59-A9EBFC59F160}"
EndProject
Project("{FAE04EC0-301F-11D3-BF4B-00C04F79EFBC}") = "FuturisX.BackgroundJobs.Hangfire", "FuturisX.BackgroundJobs.Hangfire\FuturisX.BackgroundJobs.Hangfire.csproj", "{C2AE2AB3-94B3-4E49-85A3-D4BC2C9E152A}"
EndProject
Project("{FAE04EC0-301F-11D3-BF4B-00C04F79EFBC}") = "FuturisX.IdentityServer4", "FuturisX.IdentityServer4\FuturisX.IdentityServer4.csproj", "{9BE82400-4605-4F30-A6D7-202081D96B9D}"
EndProject
Project("{FAE04EC0-301F-11D3-BF4B-00C04F79EFBC}") = "FuturisX.IdentityServer4.EntityFrameworkCore", "FuturisX.IdentityServer4.EntityFrameworkCore\FuturisX.IdentityServer4.EntityFrameworkCore.csproj", "{B6A416F5-3D7F-4517-8221-B58CAE79DFC5}"
EndProject
Project("{FAE04EC0-301F-11D3-BF4B-00C04F79EFBC}") = "FuturisX.Messaging.Azure", "FuturisX.Messaging.Azure\FuturisX.Messaging.Azure.csproj", "{EDF14453-1F73-415F-BF06-0093B53A69F8}"
EndProject
Project("{FAE04EC0-301F-11D3-BF4B-00C04F79EFBC}") = "FuturisX.Messaging.RabbitMq", "FuturisX.Messaging.RabbitMq\FuturisX.Messaging.RabbitMq.csproj", "{4E748DE5-8A1E-4FC6-B95F-B47622C36686}"
EndProject
Project("{FAE04EC0-301F-11D3-BF4B-00C04F79EFBC}") = "FuturisX.Notification.Firebase", "FuturisX.Notification.Firebase\FuturisX.Notification.Firebase.csproj", "{14F25386-1DC4-41CF-BED3-935391804268}"
EndProject
Project("{FAE04EC0-301F-11D3-BF4B-00C04F79EFBC}") = "FuturisX.Storage.EntityFrameworkCore", "FuturisX.Storage.EntityFrameworkCore\FuturisX.Storage.EntityFrameworkCore.csproj", "{557B6148-E977-437D-A4C2-6C2CF9F52D86}"
EndProject
Project("{FAE04EC0-301F-11D3-BF4B-00C04F79EFBC}") = "FuturisX.Validation.DataAnnotations", "FuturisX.Validation.DataAnnotations\FuturisX.Validation.DataAnnotations.csproj", "{DB5038BA-593B-46F2-9B75-1AABD041067A}"
EndProject
Project("{FAE04EC0-301F-11D3-BF4B-00C04F79EFBC}") = "myCore", "ClassLibrary\myCore.csproj", "{3FC8420F-0512-4D3E-A8EF-2BEB091EDAA5}"
EndProject
Global
	GlobalSection(SolutionConfigurationPlatforms) = preSolution
		Debug|Any CPU = Debug|Any CPU
		Release|Any CPU = Release|Any CPU
	EndGlobalSection
	GlobalSection(ProjectConfigurationPlatforms) = postSolution
		{4B11DE28-E354-414B-AE2A-F5517C678AE3}.Debug|Any CPU.ActiveCfg = Debug|Any CPU
		{4B11DE28-E354-414B-AE2A-F5517C678AE3}.Debug|Any CPU.Build.0 = Debug|Any CPU
		{4B11DE28-E354-414B-AE2A-F5517C678AE3}.Release|Any CPU.ActiveCfg = Release|Any CPU
		{4B11DE28-E354-414B-AE2A-F5517C678AE3}.Release|Any CPU.Build.0 = Release|Any CPU
		{7070C4BC-B864-4466-B0AA-32026A289482}.Debug|Any CPU.ActiveCfg = Debug|Any CPU
		{7070C4BC-B864-4466-B0AA-32026A289482}.Debug|Any CPU.Build.0 = Debug|Any CPU
		{7070C4BC-B864-4466-B0AA-32026A289482}.Release|Any CPU.ActiveCfg = Release|Any CPU
		{7070C4BC-B864-4466-B0AA-32026A289482}.Release|Any CPU.Build.0 = Release|Any CPU
		{0EDC9939-62D2-4DE3-B983-3DA9DE59A05D}.Debug|Any CPU.ActiveCfg = Debug|Any CPU
		{0EDC9939-62D2-4DE3-B983-3DA9DE59A05D}.Debug|Any CPU.Build.0 = Debug|Any CPU
		{0EDC9939-62D2-4DE3-B983-3DA9DE59A05D}.Release|Any CPU.ActiveCfg = Release|Any CPU
		{0EDC9939-62D2-4DE3-B983-3DA9DE59A05D}.Release|Any CPU.Build.0 = Release|Any CPU
		{84CE5CA7-1AD9-4F2B-A817-3334CA50F0FB}.Debug|Any CPU.ActiveCfg = Debug|Any CPU
		{84CE5CA7-1AD9-4F2B-A817-3334CA50F0FB}.Debug|Any CPU.Build.0 = Debug|Any CPU
		{84CE5CA7-1AD9-4F2B-A817-3334CA50F0FB}.Release|Any CPU.ActiveCfg = Release|Any CPU
		{84CE5CA7-1AD9-4F2B-A817-3334CA50F0FB}.Release|Any CPU.Build.0 = Release|Any CPU
		{68E1B992-D902-4865-AE59-A9EBFC59F160}.Debug|Any CPU.ActiveCfg = Debug|Any CPU
		{68E1B992-D902-4865-AE59-A9EBFC59F160}.Debug|Any CPU.Build.0 = Debug|Any CPU
		{68E1B992-D902-4865-AE59-A9EBFC59F160}.Release|Any CPU.ActiveCfg = Release|Any CPU
		{68E1B992-D902-4865-AE59-A9EBFC59F160}.Release|Any CPU.Build.0 = Release|Any CPU
		{C2AE2AB3-94B3-4E49-85A3-D4BC2C9E152A}.Debug|Any CPU.ActiveCfg = Debug|Any CPU
		{C2AE2AB3-94B3-4E49-85A3-D4BC2C9E152A}.Debug|Any CPU.Build.0 = Debug|Any CPU
		{C2AE2AB3-94B3-4E49-85A3-D4BC2C9E152A}.Release|Any CPU.ActiveCfg = Release|Any CPU
		{C2AE2AB3-94B3-4E49-85A3-D4BC2C9E152A}.Release|Any CPU.Build.0 = Release|Any CPU
		{9BE82400-4605-4F30-A6D7-202081D96B9D}.Debug|Any CPU.ActiveCfg = Debug|Any CPU
		{9BE82400-4605-4F30-A6D7-202081D96B9D}.Debug|Any CPU.Build.0 = Debug|Any CPU
		{9BE82400-4605-4F30-A6D7-202081D96B9D}.Release|Any CPU.ActiveCfg = Release|Any CPU
		{9BE82400-4605-4F30-A6D7-202081D96B9D}.Release|Any CPU.Build.0 = Release|Any CPU
		{B6A416F5-3D7F-4517-8221-B58CAE79DFC5}.Debug|Any CPU.ActiveCfg = Debug|Any CPU
		{B6A416F5-3D7F-4517-8221-B58CAE79DFC5}.Debug|Any CPU.Build.0 = Debug|Any CPU
		{B6A416F5-3D7F-4517-8221-B58CAE79DFC5}.Release|Any CPU.ActiveCfg = Release|Any CPU
		{B6A416F5-3D7F-4517-8221-B58CAE79DFC5}.Release|Any CPU.Build.0 = Release|Any CPU
		{EDF14453-1F73-415F-BF06-0093B53A69F8}.Debug|Any CPU.ActiveCfg = Debug|Any CPU
		{EDF14453-1F73-415F-BF06-0093B53A69F8}.Debug|Any CPU.Build.0 = Debug|Any CPU
		{EDF14453-1F73-415F-BF06-0093B53A69F8}.Release|Any CPU.ActiveCfg = Release|Any CPU
		{EDF14453-1F73-415F-BF06-0093B53A69F8}.Release|Any CPU.Build.0 = Release|Any CPU
		{4E748DE5-8A1E-4FC6-B95F-B47622C36686}.Debug|Any CPU.ActiveCfg = Debug|Any CPU
		{4E748DE5-8A1E-4FC6-B95F-B47622C36686}.Debug|Any CPU.Build.0 = Debug|Any CPU
		{4E748DE5-8A1E-4FC6-B95F-B47622C36686}.Release|Any CPU.ActiveCfg = Release|Any CPU
		{4E748DE5-8A1E-4FC6-B95F-B47622C36686}.Release|Any CPU.Build.0 = Release|Any CPU
		{14F25386-1DC4-41CF-BED3-935391804268}.Debug|Any CPU.ActiveCfg = Debug|Any CPU
		{14F25386-1DC4-41CF-BED3-935391804268}.Debug|Any CPU.Build.0 = Debug|Any CPU
		{14F25386-1DC4-41CF-BED3-935391804268}.Release|Any CPU.ActiveCfg = Release|Any CPU
		{14F25386-1DC4-41CF-BED3-935391804268}.Release|Any CPU.Build.0 = Release|Any CPU
		{557B6148-E977-437D-A4C2-6C2CF9F52D86}.Debug|Any CPU.ActiveCfg = Debug|Any CPU
		{557B6148-E977-437D-A4C2-6C2CF9F52D86}.Debug|Any CPU.Build.0 = Debug|Any CPU
		{557B6148-E977-437D-A4C2-6C2CF9F52D86}.Release|Any CPU.ActiveCfg = Release|Any CPU
		{557B6148-E977-437D-A4C2-6C2CF9F52D86}.Release|Any CPU.Build.0 = Release|Any CPU
		{DB5038BA-593B-46F2-9B75-1AABD041067A}.Debug|Any CPU.ActiveCfg = Debug|Any CPU
		{DB5038BA-593B-46F2-9B75-1AABD041067A}.Debug|Any CPU.Build.0 = Debug|Any CPU
		{DB5038BA-593B-46F2-9B75-1AABD041067A}.Release|Any CPU.ActiveCfg = Release|Any CPU
		{DB5038BA-593B-46F2-9B75-1AABD041067A}.Release|Any CPU.Build.0 = Release|Any CPU
		{3FC8420F-0512-4D3E-A8EF-2BEB091EDAA5}.Debug|Any CPU.ActiveCfg = Debug|Any CPU
		{3FC8420F-0512-4D3E-A8EF-2BEB091EDAA5}.Debug|Any CPU.Build.0 = Debug|Any CPU
		{3FC8420F-0512-4D3E-A8EF-2BEB091EDAA5}.Release|Any CPU.ActiveCfg = Release|Any CPU
		{3FC8420F-0512-4D3E-A8EF-2BEB091EDAA5}.Release|Any CPU.Build.0 = Release|Any CPU
	EndGlobalSection
	GlobalSection(SolutionProperties) = preSolution
		HideSolutionNode = FALSE
	EndGlobalSection
	GlobalSection(NestedProjects) = preSolution
		{0EDC9939-62D2-4DE3-B983-3DA9DE59A05D} = {771540F8-845C-4A08-958A-0165BE82F70C}
		{84CE5CA7-1AD9-4F2B-A817-3334CA50F0FB} = {771540F8-845C-4A08-958A-0165BE82F70C}
		{68E1B992-D902-4865-AE59-A9EBFC59F160} = {771540F8-845C-4A08-958A-0165BE82F70C}
		{C2AE2AB3-94B3-4E49-85A3-D4BC2C9E152A} = {771540F8-845C-4A08-958A-0165BE82F70C}
		{9BE82400-4605-4F30-A6D7-202081D96B9D} = {771540F8-845C-4A08-958A-0165BE82F70C}
		{B6A416F5-3D7F-4517-8221-B58CAE79DFC5} = {771540F8-845C-4A08-958A-0165BE82F70C}
		{EDF14453-1F73-415F-BF06-0093B53A69F8} = {771540F8-845C-4A08-958A-0165BE82F70C}
		{4E748DE5-8A1E-4FC6-B95F-B47622C36686} = {771540F8-845C-4A08-958A-0165BE82F70C}
		{14F25386-1DC4-41CF-BED3-935391804268} = {771540F8-845C-4A08-958A-0165BE82F70C}
		{557B6148-E977-437D-A4C2-6C2CF9F52D86} = {771540F8-845C-4A08-958A-0165BE82F70C}
		{DB5038BA-593B-46F2-9B75-1AABD041067A} = {771540F8-845C-4A08-958A-0165BE82F70C}
		{3FC8420F-0512-4D3E-A8EF-2BEB091EDAA5} = {771540F8-845C-4A08-958A-0165BE82F70C}
	EndGlobalSection
	GlobalSection(ExtensibilityGlobals) = postSolution
		SolutionGuid = {A6444988-F672-488D-94E1-AF11D958C666}
	EndGlobalSection
EndGlobal
